
Microsoft Visual Studio Solution File, Format Version 12.00
# Visual Studio Version 17
VisualStudioVersion = 17.3.32929.385
MinimumVisualStudioVersion = 10.0.40219.1
Project("{9A19103F-16F7-4668-BE54-9A1E7A4F7556}") = "BeeBilisim.Web", "BeeBilisim.Web\BeeBilisim.Web.csproj", "{AA53CD7C-7B61-4C77-8388-B3CF64D67A5A}"
EndProject
Project("{FAE04EC0-301F-11D3-BF4B-00C04F79EFBC}") = "Hash", "Hash\Hash.csproj", "{B00C84CE-F8BB-4CFA-A9FD-2FD8008F32ED}"
EndProject
Global
	GlobalSection(SolutionConfigurationPlatforms) = preSolution
		Debug|Any CPU = Debug|Any CPU
		Release|Any CPU = Release|Any CPU
	EndGlobalSection
	GlobalSection(ProjectConfigurationPlatforms) = postSolution
		{AA53CD7C-7B61-4C77-8388-B3CF64D67A5A}.Debug|Any CPU.ActiveCfg = Debug|Any CPU
		{AA53CD7C-7B61-4C77-8388-B3CF64D67A5A}.Debug|Any CPU.Build.0 = Debug|Any CPU
		{AA53CD7C-7B61-4C77-8388-B3CF64D67A5A}.Release|Any CPU.ActiveCfg = Release|Any CPU
		{AA53CD7C-7B61-4C77-8388-B3CF64D67A5A}.Release|Any CPU.Build.0 = Release|Any CPU
		{B00C84CE-F8BB-4CFA-A9FD-2FD8008F32ED}.Debug|Any CPU.ActiveCfg = Debug|Any CPU
		{B00C84CE-F8BB-4CFA-A9FD-2FD8008F32ED}.Debug|Any CPU.Build.0 = Debug|Any CPU
		{B00C84CE-F8BB-4CFA-A9FD-2FD8008F32ED}.Release|Any CPU.ActiveCfg = Release|Any CPU
		{B00C84CE-F8BB-4CFA-A9FD-2FD8008F32ED}.Release|Any CPU.Build.0 = Release|Any CPU
	EndGlobalSection
	GlobalSection(SolutionProperties) = preSolution
		HideSolutionNode = FALSE
	EndGlobalSection
	GlobalSection(ExtensibilityGlobals) = postSolution
		SolutionGuid = {2DC6D0E1-7CBD-49F3-89D6-9EDF696F64BE}
	EndGlobalSection
EndGlobal
